
Microsoft Visual Studio Solution File, Format Version 12.00
# Visual Studio Version 16
VisualStudioVersion = 16.0.32106.194
MinimumVisualStudioVersion = 10.0.40219.1
Project("{FAE04EC0-301F-11D3-BF4B-00C04F79EFBC}") = "Algorithm_honeybee", "Algorithm_honeybee\Algorithm_honeybee.csproj", "{15F8A071-B228-4D7D-A111-7197D9C2F87A}"
EndProject
Global
	GlobalSection(SolutionConfigurationPlatforms) = preSolution
		Debug|Any CPU = Debug|Any CPU
		Release|Any CPU = Release|Any CPU
	EndGlobalSection
	GlobalSection(ProjectConfigurationPlatforms) = postSolution
		{15F8A071-B228-4D7D-A111-7197D9C2F87A}.Debug|Any CPU.ActiveCfg = Debug|Any CPU
		{15F8A071-B228-4D7D-A111-7197D9C2F87A}.Debug|Any CPU.Build.0 = Debug|Any CPU
		{15F8A071-B228-4D7D-A111-7197D9C2F87A}.Release|Any CPU.ActiveCfg = Release|Any CPU
		{15F8A071-B228-4D7D-A111-7197D9C2F87A}.Release|Any CPU.Build.0 = Release|Any CPU
	EndGlobalSection
	GlobalSection(SolutionProperties) = preSolution
		HideSolutionNode = FALSE
	EndGlobalSection
	GlobalSection(ExtensibilityGlobals) = postSolution
		SolutionGuid = {3E244B15-03A2-4405-A0DF-52DE0049CD12}
	EndGlobalSection
EndGlobal
